
Microsoft Visual Studio Solution File, Format Version 12.00
# Visual Studio Version 16
VisualStudioVersion = 16.0.32126.315
MinimumVisualStudioVersion = 10.0.40219.1
Project("{FAE04EC0-301F-11D3-BF4B-00C04F79EFBC}") = "AgenciaVorazes", "AgenciaVorazes\AgenciaVorazes.csproj", "{7B454225-F31F-4B74-B669-3FECF3E4FA1D}"
EndProject
Global
	GlobalSection(SolutionConfigurationPlatforms) = preSolution
		Debug|Any CPU = Debug|Any CPU
		Release|Any CPU = Release|Any CPU
	EndGlobalSection
	GlobalSection(ProjectConfigurationPlatforms) = postSolution
		{7B454225-F31F-4B74-B669-3FECF3E4FA1D}.Debug|Any CPU.ActiveCfg = Debug|Any CPU
		{7B454225-F31F-4B74-B669-3FECF3E4FA1D}.Debug|Any CPU.Build.0 = Debug|Any CPU
		{7B454225-F31F-4B74-B669-3FECF3E4FA1D}.Release|Any CPU.ActiveCfg = Release|Any CPU
		{7B454225-F31F-4B74-B669-3FECF3E4FA1D}.Release|Any CPU.Build.0 = Release|Any CPU
	EndGlobalSection
	GlobalSection(SolutionProperties) = preSolution
		HideSolutionNode = FALSE
	EndGlobalSection
	GlobalSection(ExtensibilityGlobals) = postSolution
		SolutionGuid = {877F3BAB-1214-4D53-8700-9AD8DBC1AD37}
	EndGlobalSection
EndGlobal
